{
  "name": "sample",
  "version": "1.0.0",
  "lockfileVersion": 1,
  "requires": true,
  "dependencies": {
    "zenn-cli": {
      "version": "0.1.142",
      "resolved": "https://registry.npmjs.org/zenn-cli/-/zenn-cli-0.1.142.tgz",
      "integrity": "sha512-hRWBXPYXpcgFPwYTlhr7ZHH9Gr+PS2I7JMa8u4iS5VhIqG1bQP5TyDz1bovoj/V7WZ+ENVlqYDAW/JftgnXmQA=="
    }
  }
}
